
Microsoft Visual Studio Solution File, Format Version 12.00
# Visual Studio 2017
Project("{FAE04EC0-301F-11D3-BF4B-00C04F79EFBC}") = "HoloFive", "HoloFive.csproj", "{127E7DC2-7EA8-E730-0B7A-8C2122372F56}"
EndProject
Project("{FAE04EC0-301F-11D3-BF4B-00C04F79EFBC}") = "HoloFive.Editor", "HoloFive.Editor.csproj", "{3701961B-C89C-58DA-DD49-4CEDD26BFBA1}"
EndProject
Global
	GlobalSection(SolutionConfigurationPlatforms) = preSolution
		Debug|Any CPU = Debug|Any CPU
		Release|Any CPU = Release|Any CPU
	EndGlobalSection
	GlobalSection(ProjectConfigurationPlatforms) = postSolution
		{127E7DC2-7EA8-E730-0B7A-8C2122372F56}.Debug|Any CPU.ActiveCfg = Debug|Any CPU
		{127E7DC2-7EA8-E730-0B7A-8C2122372F56}.Debug|Any CPU.Build.0 = Debug|Any CPU
		{127E7DC2-7EA8-E730-0B7A-8C2122372F56}.Release|Any CPU.ActiveCfg = Release|Any CPU
		{127E7DC2-7EA8-E730-0B7A-8C2122372F56}.Release|Any CPU.Build.0 = Release|Any CPU
		{3701961B-C89C-58DA-DD49-4CEDD26BFBA1}.Debug|Any CPU.ActiveCfg = Debug|Any CPU
		{3701961B-C89C-58DA-DD49-4CEDD26BFBA1}.Debug|Any CPU.Build.0 = Debug|Any CPU
		{3701961B-C89C-58DA-DD49-4CEDD26BFBA1}.Release|Any CPU.ActiveCfg = Release|Any CPU
		{3701961B-C89C-58DA-DD49-4CEDD26BFBA1}.Release|Any CPU.Build.0 = Release|Any CPU
	EndGlobalSection
	GlobalSection(SolutionProperties) = preSolution
		HideSolutionNode = FALSE
	EndGlobalSection
EndGlobal
